
Microsoft Visual Studio Solution File, Format Version 12.00
# Visual Studio Version 16
VisualStudioVersion = 16.0.30621.155
MinimumVisualStudioVersion = 10.0.40219.1
Project("{FAE04EC0-301F-11D3-BF4B-00C04F79EFBC}") = "WindowsFormsApp8", "WindowsFormsApp8\WindowsFormsApp8.csproj", "{3F27F58E-0986-4716-9303-D17AFE544B8A}"
EndProject
Global
	GlobalSection(SolutionConfigurationPlatforms) = preSolution
		Debug|Any CPU = Debug|Any CPU
		Release|Any CPU = Release|Any CPU
	EndGlobalSection
	GlobalSection(ProjectConfigurationPlatforms) = postSolution
		{3F27F58E-0986-4716-9303-D17AFE544B8A}.Debug|Any CPU.ActiveCfg = Debug|Any CPU
		{3F27F58E-0986-4716-9303-D17AFE544B8A}.Debug|Any CPU.Build.0 = Debug|Any CPU
		{3F27F58E-0986-4716-9303-D17AFE544B8A}.Release|Any CPU.ActiveCfg = Release|Any CPU
		{3F27F58E-0986-4716-9303-D17AFE544B8A}.Release|Any CPU.Build.0 = Release|Any CPU
	EndGlobalSection
	GlobalSection(SolutionProperties) = preSolution
		HideSolutionNode = FALSE
	EndGlobalSection
	GlobalSection(ExtensibilityGlobals) = postSolution
		SolutionGuid = {D29EBEC0-8147-4F1A-BEF0-867F08A696FA}
	EndGlobalSection
EndGlobal
