
Microsoft Visual Studio Solution File, Format Version 12.00
# Visual Studio Version 16
VisualStudioVersion = 16.0.30621.155
MinimumVisualStudioVersion = 10.0.40219.1
Project("{FAE04EC0-301F-11D3-BF4B-00C04F79EFBC}") = "WindowsFormsApp7", "WindowsFormsApp7\WindowsFormsApp7.csproj", "{CDB65D31-DBEF-43B8-A84A-C174801720AB}"
EndProject
Global
	GlobalSection(SolutionConfigurationPlatforms) = preSolution
		Debug|Any CPU = Debug|Any CPU
		Release|Any CPU = Release|Any CPU
	EndGlobalSection
	GlobalSection(ProjectConfigurationPlatforms) = postSolution
		{CDB65D31-DBEF-43B8-A84A-C174801720AB}.Debug|Any CPU.ActiveCfg = Debug|Any CPU
		{CDB65D31-DBEF-43B8-A84A-C174801720AB}.Debug|Any CPU.Build.0 = Debug|Any CPU
		{CDB65D31-DBEF-43B8-A84A-C174801720AB}.Release|Any CPU.ActiveCfg = Release|Any CPU
		{CDB65D31-DBEF-43B8-A84A-C174801720AB}.Release|Any CPU.Build.0 = Release|Any CPU
	EndGlobalSection
	GlobalSection(SolutionProperties) = preSolution
		HideSolutionNode = FALSE
	EndGlobalSection
	GlobalSection(ExtensibilityGlobals) = postSolution
		SolutionGuid = {1D1A10E0-C36D-45B7-882A-899ACEC3D56F}
	EndGlobalSection
EndGlobal
